# THIS IS AN AUTOGENERATED FILE. DO NOT EDIT THIS FILE DIRECTLY.
# yarn lockfile v1


"@peculiar/asn1-cms@^2.0.44":
  version "2.0.44"
  resolved "https://registry.yarnpkg.com/@peculiar/asn1-cms/-/asn1-cms-2.0.44.tgz#ebe8bc1490d5301f9af4c84d1e23526994590efa"
  integrity sha512-CzjCz8VZqG2jqRI/4YKCk3D9WS8V9cezt0tftWT5zmYxeZvAWOmtInj013zSooHEn1Oi65rzdDZ1m+wgascmiw==
  dependencies:
    "@peculiar/asn1-schema" "^2.0.44"
    "@peculiar/asn1-x509" "^2.0.44"
    "@peculiar/asn1-x509-attr" "^2.0.44"
    asn1js "^2.1.1"
    tslib "^2.3.0"

"@peculiar/asn1-csr@^2.0.44":
  version "2.0.44"
  resolved "https://registry.yarnpkg.com/@peculiar/asn1-csr/-/asn1-csr-2.0.44.tgz#fd7df64036840a536dda71d474bdcaf4eb906907"
  integrity sha512-9FG9ySzLyYIlk/W3o/mpE+ukn/XMokv+BysqyhNGifUet362slp+uF4XliKGLt53TO53uYCsQimVyTK4vwe/yg==
  dependencies:
    "@peculiar/asn1-schema" "^2.0.44"
    "@peculiar/asn1-x509" "^2.0.44"
    asn1js "^2.1.1"
    tslib "^2.3.0"

"@peculiar/asn1-ecc@^2.0.44":
  version "2.0.44"
  resolved "https://registry.yarnpkg.com/@peculiar/asn1-ecc/-/asn1-ecc-2.0.44.tgz#11f45324efb01419aa8fb779a2ea3c8dc712094b"
  integrity sha512-GvfifE5xCZjEz9EsOl9gqTVgex9m7ATLloTaSE3Go+iG8bc7C/VDK8lOnFb3/UsCqfI46Gwh4Q3RQCP2JB3GDQ==
  dependencies:
    "@peculiar/asn1-schema" "^2.0.44"
    "@peculiar/asn1-x509" "^2.0.44"
    asn1js "^2.1.1"
    tslib "^2.3.0"

"@peculiar/asn1-pfx@^2.0.44":
  version "2.0.44"
  resolved "https://registry.yarnpkg.com/@peculiar/asn1-pfx/-/asn1-pfx-2.0.44.tgz#fd0b4b61b4427687305b2d2a94f0f2bb8d1b96b5"
  integrity sha512-rVsGoZWMtensS9+AEtU97cImHXEu+Oi6K31/EzzzdqfUx/aF49RYCVKOyuCjUg5cwIOE93WsNm0hQFYB2pYwVQ==
  dependencies:
    "@peculiar/asn1-cms" "^2.0.44"
    "@peculiar/asn1-pkcs8" "^2.0.44"
    "@peculiar/asn1-rsa" "^2.0.44"
    "@peculiar/asn1-schema" "^2.0.44"
    asn1js "^2.1.1"
    tslib "^2.3.0"

"@peculiar/asn1-pkcs8@^2.0.44":
  version "2.0.44"
  resolved "https://registry.yarnpkg.com/@peculiar/asn1-pkcs8/-/asn1-pkcs8-2.0.44.tgz#62b28efcd59c495c4c3a46914859584a20033f8c"
  integrity sha512-cs/zGEv/6Jxx14tZ6NS82PNJFMCb4aFOiAFzv+I1I1ud7o5wyDGOOAIiIs4vI+Z6xtkoSyF+hWH51kRutdFV4A==
  dependencies:
    "@peculiar/asn1-schema" "^2.0.44"
    "@peculiar/asn1-x509" "^2.0.44"
    asn1js "^2.1.1"
    tslib "^2.3.0"

"@peculiar/asn1-pkcs9@^2.0.44":
  version "2.0.44"
  resolved "https://registry.yarnpkg.com/@peculiar/asn1-pkcs9/-/asn1-pkcs9-2.0.44.tgz#9153555be59ea6518c77d7b28989fc4cc81ea338"
  integrity sha512-b54VRWsM5NdIOlSuBbfBeximwVQIHcUoUdx10mHM6QuvZlXKciVP/nkerxg0ytQzC5BvPbohfYuiq46gYCPZSA==
  dependencies:
    "@peculiar/asn1-cms" "^2.0.44"
    "@peculiar/asn1-pfx" "^2.0.44"
    "@peculiar/asn1-pkcs8" "^2.0.44"
    "@peculiar/asn1-schema" "^2.0.44"
    "@peculiar/asn1-x509" "^2.0.44"
    "@peculiar/asn1-x509-attr" "^2.0.44"
    asn1js "^2.1.1"
    tslib "^2.3.0"

"@peculiar/asn1-rsa@^2.0.44":
  version "2.0.44"
  resolved "https://registry.yarnpkg.com/@peculiar/asn1-rsa/-/asn1-rsa-2.0.44.tgz#1a1455d129905c1378f8056af0d25429a34054fa"
  integrity sha512-DYfo33Yl3y4Bu8V0RrAhKBZJDy1ESEGQzKVl7DxCUJna164/U/JB767W9ze0Vlq7quTawUJLMX3RRfesEFGigA==
  dependencies:
    "@peculiar/asn1-schema" "^2.0.44"
    "@peculiar/asn1-x509" "^2.0.44"
    asn1js "^2.1.1"
    tslib "^2.3.0"

"@peculiar/asn1-schema@^2.0.44":
  version "2.0.44"
  resolved "https://registry.yarnpkg.com/@peculiar/asn1-schema/-/asn1-schema-2.0.44.tgz#dcb1b8f84a4dd5f07f674028beade9c3de43cc06"
  integrity sha512-uaCnjQ9A9WwQSMuDJcNOCYEPXTahgKbFMvI7eMOMd8lXgx0J1eU7F3BoMsK5PFxa3dVUxjSQbaOjfgGoeHGgoQ==
  dependencies:
    "@types/asn1js" "^2.0.2"
    asn1js "^2.1.1"
    pvtsutils "^1.2.1"
    tslib "^2.3.0"

"@peculiar/asn1-x509-attr@^2.0.44":
  version "2.0.44"
  resolved "https://registry.yarnpkg.com/@peculiar/asn1-x509-attr/-/asn1-x509-attr-2.0.44.tgz#b3146aa6f57c531858114ef1ed229cd41cf610dc"
  integrity sha512-mYyf1fMT1JVrmPInjqVC3O2Vm3LBm7sd75Mg2hKB0A/zPKIYZ5WRz396lliucHagg17PalMjDOxtIQFOqs1WGg==
  dependencies:
    "@peculiar/asn1-schema" "^2.0.44"
    "@peculiar/asn1-x509" "^2.0.44"
    asn1js "^2.1.1"
    tslib "^2.3.0"

"@peculiar/asn1-x509@^2.0.44":
  version "2.0.44"
  resolved "https://registry.yarnpkg.com/@peculiar/asn1-x509/-/asn1-x509-2.0.44.tgz#0798819ffb9d8380dedbd98f6cd069952e9ec130"
  integrity sha512-jKGy+7Ew1PADjzInblBaQWVdh9kTiy49lkTko/MiYg5lHyCi/N9xPtQCuincpY1UeNPwXaeoT2DXRJOuN6U/8A==
  dependencies:
    "@peculiar/asn1-schema" "^2.0.44"
    asn1js "^2.1.1"
    ipaddr.js "^2.0.1"
    pvtsutils "^1.2.1"
    tslib "^2.3.0"

"@peculiar/json-schema@^1.1.12":
  version "1.1.12"
  resolved "https://registry.yarnpkg.com/@peculiar/json-schema/-/json-schema-1.1.12.tgz#fe61e85259e3b5ba5ad566cb62ca75b3d3cd5339"
  integrity sha512-coUfuoMeIB7B8/NMekxaDzLhaYmp0HZNPEjYRm9goRou8UZIC3z21s0sL9AWoCw4EG876QyO3kYrc61WNF9B/w==
  dependencies:
    tslib "^2.0.0"

"@peculiar/webcrypto@^1.2.0":
  version "1.2.3"
  resolved "https://registry.yarnpkg.com/@peculiar/webcrypto/-/webcrypto-1.2.3.tgz#79268ef0a8068bed2a40fc33bc68b4d3546fe2cc"
  integrity sha512-q7wDfZy3k/tpnsYB23/MyyDkjn6IdHh8w+xwoVMS5cu6CjVoFzngXDZEOOuSE4zus2yO6ciQhhHxd4XkLpwVnQ==
  dependencies:
    "@peculiar/asn1-schema" "^2.0.44"
    "@peculiar/json-schema" "^1.1.12"
    pvtsutils "^1.2.1"
    tslib "^2.3.1"
    webcrypto-core "^1.4.0"

"@peculiar/x509@^1.5.2":
  version "1.6.1"
  resolved "https://registry.yarnpkg.com/@peculiar/x509/-/x509-1.6.1.tgz#cc33807ab481824c69145e884cb40012aec501b0"
  integrity sha512-C4oxpCuYasfjuhy6QRFJhs0R6gyeQSRsB7MsT6JkO3qaFi4b75mm8hNEKa+sIJPtTjXCC94tW9rHx1hw5dOvnQ==
  dependencies:
    "@peculiar/asn1-cms" "^2.0.44"
    "@peculiar/asn1-csr" "^2.0.44"
    "@peculiar/asn1-ecc" "^2.0.44"
    "@peculiar/asn1-pkcs9" "^2.0.44"
    "@peculiar/asn1-rsa" "^2.0.44"
    "@peculiar/asn1-schema" "^2.0.44"
    "@peculiar/asn1-x509" "^2.0.44"
    pvtsutils "^1.2.1"
    reflect-metadata "^0.1.13"
    tslib "^2.3.1"
    tsyringe "^4.6.0"

"@types/asn1js@^2.0.2":
  version "2.0.2"
  resolved "https://registry.yarnpkg.com/@types/asn1js/-/asn1js-2.0.2.tgz#bb1992291381b5f06e22a829f2ae009267cdf8c5"
  integrity sha512-t4YHCgtD+ERvH0FyxvNlYwJ2ezhqw7t+Ygh4urQ7dJER8i185JPv6oIM3ey5YQmGN6Zp9EMbpohkjZi9t3UxwA==

"@types/node@*":
  version "14.0.20"
  resolved "https://registry.yarnpkg.com/@types/node/-/node-14.0.20.tgz#0da05cddbc761e1fa98af88a17244c8c1ff37231"
  integrity sha512-MRn/NP3dee8yL5QhbSA6riuwkS+UOcsPUMOIOG3KMUQpuor/2TopdRBu8QaaB4fGU+gz/bzyDWt0FtUbeJ8H1A==

"@vercel/build-utils@2.4.0":
  version "2.4.0"
  resolved "https://registry.yarnpkg.com/@vercel/build-utils/-/build-utils-2.4.0.tgz#c756a3804f072cc693ebe0bbcc1adcce61b9f15c"
  integrity sha512-VRXMLBPDcpFUHQMgHdgYHBl9SRwqNFb43tgkMdTYaNml2HgqlLNvNuINKlqwB2/Q/tARIWcm4jmPKR0gu1CaEQ==

"@vercel/go@1.1.2":
  version "1.1.2"
  resolved "https://registry.yarnpkg.com/@vercel/go/-/go-1.1.2.tgz#0b0067a56616e4c56eeac8a8b33a9bb64a79be71"
  integrity sha512-1k7w6gY2Uj4DVqvvqm5VXZZeCqmzV5Fw3T3hjfgt13WVXPVwYfXf50ya4VvwpF9/IEvXpAhXLRcHD7ZTCMoXKA==

"@vercel/next@2.6.7":
  version "2.6.7"
  resolved "https://registry.yarnpkg.com/@vercel/next/-/next-2.6.7.tgz#e522ab1e4c2af83b51df430dec1f98f64d7d202e"
  integrity sha512-zzcalT/TRpI7EH4glRqhD09jkeGqbjZ4JbiOkCdwTAMJDme8bf6wsYffBGu92DLv/2zDFPLj0EcNsGVhb7bk0w==

"@vercel/node@1.7.1":
  version "1.7.1"
  resolved "https://registry.yarnpkg.com/@vercel/node/-/node-1.7.1.tgz#cdf9b2226cbc469228aae6369b2b21db4c83dc69"
  integrity sha512-Lp6l3526xQ/srCqkXE9/E+gykAcpM/vut4zFo5NA9+syGxZt1nlVAznhNVkgsSW4mbRIE67KIfi7SII55dW7uw==
  dependencies:
    "@types/node" "*"
    ts-node "8.9.1"
    typescript "3.9.3"

"@vercel/python@1.2.2":
  version "1.2.2"
  resolved "https://registry.yarnpkg.com/@vercel/python/-/python-1.2.2.tgz#52e8e2a0d3a65153b8bd25a63db36b704aafde72"
  integrity sha512-+rHfbjJaySdac59Oa11a7/nZzpXC98Kqw5tPh8DT1I5OG8YTfgJnwgfBoytZOAZZQBcggoJspnjAd+wGVCoVXw==

"@vercel/ruby@1.2.2":
  version "1.2.2"
  resolved "https://registry.yarnpkg.com/@vercel/ruby/-/ruby-1.2.2.tgz#0a6ef704d9eec7a88d3bf12f462cd52046b75361"
  integrity sha512-5kKFNS84EvjHRI/umZqL31KdyvoWO05qbIeR3YHHJBCPSBIUlGimM0Wx7OsdAK+TMDzpWszBF/6bgk//KpmYbg==

"@vercel/static-build@0.17.3":
  version "0.17.3"
  resolved "https://registry.yarnpkg.com/@vercel/static-build/-/static-build-0.17.3.tgz#43ce2f605df946c11b697b5bf1b8f91cdc148cf6"
  integrity sha512-Xf4b6AEVl5EnTSecG0p9hwi3F4MuvwsYyGmvhbNfoV5c8T4Q9gPgTY0f738OAUv1f81DdzRXcgijK4rFQ1ysTQ==

arg@^4.1.0:
  version "4.1.3"
  resolved "https://registry.yarnpkg.com/arg/-/arg-4.1.3.tgz#269fc7ad5b8e42cb63c896d5666017261c144089"
  integrity sha512-58S9QDqG0Xx27YwPSt9fJxivjYl432YCwfDMfZ+71RAqUrZef7LrKQZ3LHLOwCS4FLNBplP533Zx895SeOCHvA==

asn1js@^2.1.1:
  version "2.2.0"
  resolved "https://registry.yarnpkg.com/asn1js/-/asn1js-2.2.0.tgz#d890fcdda86b8a005693df14a986bfb2c2069c57"
  integrity sha512-oagLNqpfNv7CvmyMoexMDNyVDSiq1rya0AEUgcLlNHdHgNl6U/hi8xY370n5y+ZIFEXOx0J4B1qF2NDjMRxklA==
  dependencies:
    pvutils latest

buffer-from@^1.0.0:
  version "1.1.1"
  resolved "https://registry.yarnpkg.com/buffer-from/-/buffer-from-1.1.1.tgz#32713bc028f75c02fdb710d7c7bcec1f2c6070ef"
  integrity sha512-MQcXEUbCKtEo7bhqEs6560Hyd4XaovZlO/k9V3hjVUF/zwW7KBVdSK4gIt/bzwS9MbR5qob+F5jusZsb0YQK2A==

denque@^2.0.1:
  version "2.0.1"
  resolved "https://registry.yarnpkg.com/denque/-/denque-2.0.1.tgz#bcef4c1b80dc32efe97515744f21a4229ab8934a"
  integrity sha512-tfiWc6BQLXNLpNiR5iGd0Ocu3P3VpxfzFiqubLgMfhfOw9WyvgJBd46CClNn9k3qfbjvT//0cf7AlYRX/OslMQ==

diff@^4.0.1:
  version "4.0.2"
  resolved "https://registry.yarnpkg.com/diff/-/diff-4.0.2.tgz#60f3aecb89d5fae520c11aa19efc2bb982aade7d"
  integrity sha512-58lmxKSA4BNyLz+HHMUzlOEpg09FV+ev6ZMe3vJihgdxzgcwZ8VoEEPmALCZG9LmqfVoNMMKpttIYTVG6uDY7A==

generate-function@^2.3.1:
  version "2.3.1"
  resolved "https://registry.yarnpkg.com/generate-function/-/generate-function-2.3.1.tgz#f069617690c10c868e73b8465746764f97c3479f"
  integrity sha512-eeB5GfMNeevm/GRYq20ShmsaGcmI81kIX2K9XQx5miC8KdHaC6Jm0qQ8ZNeGOi7wYB8OsdxKs+Y2oVuTFuVwKQ==
  dependencies:
    is-property "^1.0.2"

iconv-lite@^0.6.3:
  version "0.6.3"
  resolved "https://registry.yarnpkg.com/iconv-lite/-/iconv-lite-0.6.3.tgz#a52f80bf38da1952eb5c681790719871a1a72501"
  integrity sha512-4fCk79wshMdzMp2rH06qWrJE4iolqLhCUH+OiuIgU++RB0+94NlDL81atO7GX55uUKueo0txHNtvEyI6D7WdMw==
  dependencies:
    safer-buffer ">= 2.1.2 < 3.0.0"

ipaddr.js@^2.0.1:
  version "2.0.1"
  resolved "https://registry.yarnpkg.com/ipaddr.js/-/ipaddr.js-2.0.1.tgz#eca256a7a877e917aeb368b0a7497ddf42ef81c0"
  integrity sha512-1qTgH9NG+IIJ4yfKs2e6Pp1bZg8wbDbKHT21HrLIeYBTRLgMYKnMTPAuI3Lcs61nfx5h1xlXnbJtH1kX5/d/ng==

is-property@^1.0.2:
  version "1.0.2"
  resolved "https://registry.yarnpkg.com/is-property/-/is-property-1.0.2.tgz#57fe1c4e48474edd65b09911f26b1cd4095dda84"
  integrity sha1-V/4cTkhHTt1lsJkR8msc1Ald2oQ=

long@^4.0.0:
  version "4.0.0"
  resolved "https://registry.yarnpkg.com/long/-/long-4.0.0.tgz#9a7b71cfb7d361a194ea555241c92f7468d5bf28"
  integrity sha512-XsP+KhQif4bjX1kbuSiySJFNAehNxgLb6hPRGJ9QsUr8ajHkuXGdrHmFUTUUXhDwVX2R5bY4JNZEwbUiMhV+MA==

lru-cache@^4.1.3:
  version "4.1.5"
  resolved "https://registry.yarnpkg.com/lru-cache/-/lru-cache-4.1.5.tgz#8bbe50ea85bed59bc9e33dcab8235ee9bcf443cd"
  integrity sha512-sWZlbEP2OsHNkXrMl5GYk/jKk70MBng6UU4YI/qGDYbgf6YbP4EvmqISbXCoJiRKs+1bSpFHVgQxvJ17F2li5g==
  dependencies:
    pseudomap "^1.0.2"
    yallist "^2.1.2"

lru-cache@^6.0.0:
  version "6.0.0"
  resolved "https://registry.yarnpkg.com/lru-cache/-/lru-cache-6.0.0.tgz#6d6fe6570ebd96aaf90fcad1dafa3b2566db3a94"
  integrity sha512-Jo6dJ04CmSjuznwJSS3pUeWmd/H0ffTlkXXgwZi+eq1UCmqQwCh+eLsYOYCwY991i2Fah4h1BEMCx4qThGbsiA==
  dependencies:
    yallist "^4.0.0"

make-error@^1.1.1:
  version "1.3.6"
  resolved "https://registry.yarnpkg.com/make-error/-/make-error-1.3.6.tgz#2eb2e37ea9b67c4891f684a1394799af484cf7a2"
  integrity sha512-s8UhlNe7vPKomQhC1qFelMokr/Sc3AgNbso3n74mVPA5LTZwkB9NlXf4XPamLxJE8h0gh73rM94xvwRT2CVInw==

mysql2@^2.2.5:
  version "2.3.3"
  resolved "https://registry.yarnpkg.com/mysql2/-/mysql2-2.3.3.tgz#944f3deca4b16629052ff8614fbf89d5552545a0"
  integrity sha512-wxJUev6LgMSgACDkb/InIFxDprRa6T95+VEoR+xPvtngtccNH2dGjEB/fVZ8yg1gWv1510c9CvXuJHi5zUm0ZA==
  dependencies:
    denque "^2.0.1"
    generate-function "^2.3.1"
    iconv-lite "^0.6.3"
    long "^4.0.0"
    lru-cache "^6.0.0"
    named-placeholders "^1.1.2"
    seq-queue "^0.0.5"
    sqlstring "^2.3.2"

named-placeholders@^1.1.2:
  version "1.1.2"
  resolved "https://registry.yarnpkg.com/named-placeholders/-/named-placeholders-1.1.2.tgz#ceb1fbff50b6b33492b5cf214ccf5e39cef3d0e8"
  integrity sha512-wiFWqxoLL3PGVReSZpjLVxyJ1bRqe+KKJVbr4hGs1KWfTZTQyezHFBbuKj9hsizHyGV2ne7EMjHdxEGAybD5SA==
  dependencies:
    lru-cache "^4.1.3"

nanoid@^3.1.30:
  version "3.2.0"
  resolved "https://registry.yarnpkg.com/nanoid/-/nanoid-3.2.0.tgz#62667522da6673971cca916a6d3eff3f415ff80c"
  integrity sha512-fmsZYa9lpn69Ad5eDn7FMcnnSR+8R34W9qJEijxYhTbfOWzr22n1QxCMzXLK+ODyW2973V3Fux959iQoUxzUIA==

planetscale-node@^0.3.0:
  version "0.3.0"
  resolved "https://registry.yarnpkg.com/planetscale-node/-/planetscale-node-0.3.0.tgz#5cbccd11633db1d8893ffc6e8f80cdbfd0466195"
  integrity sha512-FhWJHQFSQCU9d/nUv7nx+qGGLUNYd9yy84DJxecPtiyg2+pUMtSvFSYkMFc8b3e81FBo+pyKuIoHV59wB/EPHA==
  dependencies:
    "@peculiar/webcrypto" "^1.2.0"
    "@peculiar/x509" "^1.5.2"
    mysql2 "^2.2.5"
    nanoid "^3.1.30"

pseudomap@^1.0.2:
  version "1.0.2"
  resolved "https://registry.yarnpkg.com/pseudomap/-/pseudomap-1.0.2.tgz#f052a28da70e618917ef0a8ac34c1ae5a68286b3"
  integrity sha1-8FKijacOYYkX7wqKw0wa5aaChrM=

pvtsutils@^1.2.0, pvtsutils@^1.2.1:
  version "1.2.1"
  resolved "https://registry.yarnpkg.com/pvtsutils/-/pvtsutils-1.2.1.tgz#8212e846ca9afb21e40cebb0691755649f9f498a"
  integrity sha512-Q867jEr30lBR2YSFFLZ0/XsEvpweqH6Kj096wmlRAFXrdRGPCNq2iz9B5Tk085EZ+OBZyYAVA5UhPkjSHGrUzQ==
  dependencies:
    tslib "^2.3.1"

pvutils@latest:
  version "1.0.17"
  resolved "https://registry.yarnpkg.com/pvutils/-/pvutils-1.0.17.tgz#ade3c74dfe7178944fe44806626bd2e249d996bf"
  integrity sha512-wLHYUQxWaXVQvKnwIDWFVKDJku9XDCvyhhxoq8dc5MFdIlRenyPI9eSfEtcvgHgD7FlvCyGAlWgOzRnZD99GZQ==

reflect-metadata@^0.1.13:
  version "0.1.13"
  resolved "https://registry.yarnpkg.com/reflect-metadata/-/reflect-metadata-0.1.13.tgz#67ae3ca57c972a2aa1642b10fe363fe32d49dc08"
  integrity sha512-Ts1Y/anZELhSsjMcU605fU9RE4Oi3p5ORujwbIKXfWa+0Zxs510Qrmrce5/Jowq3cHSZSJqBjypxmHarc+vEWg==

"safer-buffer@>= 2.1.2 < 3.0.0":
  version "2.1.2"
  resolved "https://registry.yarnpkg.com/safer-buffer/-/safer-buffer-2.1.2.tgz#44fa161b0187b9549dd84bb91802f9bd8385cd6a"
  integrity sha512-YZo3K82SD7Riyi0E1EQPojLz7kpepnSQI9IyPbHHg1XXXevb5dJI7tpyN2ADxGcQbHG7vcyRHk0cbwqcQriUtg==

seq-queue@^0.0.5:
  version "0.0.5"
  resolved "https://registry.yarnpkg.com/seq-queue/-/seq-queue-0.0.5.tgz#d56812e1c017a6e4e7c3e3a37a1da6d78dd3c93e"
  integrity sha1-1WgS4cAXpuTnw+Ojeh2m143TyT4=

source-map-support@^0.5.17:
  version "0.5.19"
  resolved "https://registry.yarnpkg.com/source-map-support/-/source-map-support-0.5.19.tgz#a98b62f86dcaf4f67399648c085291ab9e8fed61"
  integrity sha512-Wonm7zOCIJzBGQdB+thsPar0kYuCIzYvxZwlBa87yi/Mdjv7Tip2cyVbLj5o0cFPN4EVkuTwb3GDDyUx2DGnGw==
  dependencies:
    buffer-from "^1.0.0"
    source-map "^0.6.0"

source-map@^0.6.0:
  version "0.6.1"
  resolved "https://registry.yarnpkg.com/source-map/-/source-map-0.6.1.tgz#74722af32e9614e9c287a8d0bbde48b5e2f1a263"
  integrity sha512-UjgapumWlbMhkBgzT7Ykc5YXUT46F0iKu8SGXq0bcwP5dz/h0Plj6enJqjz1Zbq2l5WaqYnrVbwWOWMyF3F47g==

sqlstring@^2.3.2:
  version "2.3.2"
  resolved "https://registry.yarnpkg.com/sqlstring/-/sqlstring-2.3.2.tgz#cdae7169389a1375b18e885f2e60b3e460809514"
  integrity sha512-vF4ZbYdKS8OnoJAWBmMxCQDkiEBkGQYU7UZPtL8flbDRSNkhaXvRJ279ZtI6M+zDaQovVU4tuRgzK5fVhvFAhg==

ts-node@8.9.1:
  version "8.9.1"
  resolved "https://registry.yarnpkg.com/ts-node/-/ts-node-8.9.1.tgz#2f857f46c47e91dcd28a14e052482eb14cfd65a5"
  integrity sha512-yrq6ODsxEFTLz0R3BX2myf0WBCSQh9A+py8PBo1dCzWIOcvisbyH6akNKqDHMgXePF2kir5mm5JXJTH3OUJYOQ==
  dependencies:
    arg "^4.1.0"
    diff "^4.0.1"
    make-error "^1.1.1"
    source-map-support "^0.5.17"
    yn "3.1.1"

tslib@^1.9.3:
  version "1.14.1"
  resolved "https://registry.yarnpkg.com/tslib/-/tslib-1.14.1.tgz#cf2d38bdc34a134bcaf1091c41f6619e2f672d00"
  integrity sha512-Xni35NKzjgMrwevysHTCArtLDpPvye8zV/0E4EyYn43P7/7qvQwPh9BGkHewbMulVntbigmcT7rdX3BNo9wRJg==

tslib@^2.0.0, tslib@^2.3.0, tslib@^2.3.1:
  version "2.3.1"
  resolved "https://registry.yarnpkg.com/tslib/-/tslib-2.3.1.tgz#e8a335add5ceae51aa261d32a490158ef042ef01"
  integrity sha512-77EbyPPpMz+FRFRuAFlWMtmgUWGe9UOG2Z25NqCwiIjRhOf5iKGuzSe5P2w1laq+FkRy4p+PCuVkJSGkzTEKVw==

tsyringe@^4.6.0:
  version "4.6.0"
  resolved "https://registry.yarnpkg.com/tsyringe/-/tsyringe-4.6.0.tgz#14915d3d7f0db35e1cf7269bdbf7c440713c8d07"
  integrity sha512-BMQAZamSfEmIQzH8WJeRu1yZGQbPSDuI9g+yEiKZFIcO46GPZuMOC2d0b52cVBdw1d++06JnDSIIZvEnogMdAw==
  dependencies:
    tslib "^1.9.3"

typescript@3.9.3:
  version "3.9.3"
  resolved "https://registry.yarnpkg.com/typescript/-/typescript-3.9.3.tgz#d3ac8883a97c26139e42df5e93eeece33d610b8a"
  integrity sha512-D/wqnB2xzNFIcoBG9FG8cXRDjiqSTbG2wd8DMZeQyJlP1vfTkIxH4GKveWaEBYySKIg+USu+E+EDIR47SqnaMQ==

vercel@^19.1.1:
  version "19.1.1"
  resolved "https://registry.yarnpkg.com/vercel/-/vercel-19.1.1.tgz#2034911bff81f4d055f5deb9995db1f93552529b"
  integrity sha512-cFKkzkkypdNcO1OQnjVCGSS/lFQQAmWNDIutdi2RYqMW0Pdp/u6XeZPADvDbqVwKi56QthoZybCCdolzNZxHVw==
  dependencies:
    "@vercel/build-utils" "2.4.0"
    "@vercel/go" "1.1.2"
    "@vercel/next" "2.6.7"
    "@vercel/node" "1.7.1"
    "@vercel/python" "1.2.2"
    "@vercel/ruby" "1.2.2"
    "@vercel/static-build" "0.17.3"

webcrypto-core@^1.4.0:
  version "1.4.0"
  resolved "https://registry.yarnpkg.com/webcrypto-core/-/webcrypto-core-1.4.0.tgz#9a395920792bcfa4605dc64aaf264156f79e873e"
  integrity sha512-HY3Zo0GcRIQUUDnlZ/shGjN+4f7LVMkdJZoGPog+oHhJsJdMz6iM8Za5xZ0t6qg7Fx/JXXz+oBv2J2p982hGTQ==
  dependencies:
    "@peculiar/asn1-schema" "^2.0.44"
    "@peculiar/json-schema" "^1.1.12"
    asn1js "^2.1.1"
    pvtsutils "^1.2.0"
    tslib "^2.3.1"

yallist@^2.1.2:
  version "2.1.2"
  resolved "https://registry.yarnpkg.com/yallist/-/yallist-2.1.2.tgz#1c11f9218f076089a47dd512f93c6699a6a81d52"
  integrity sha1-HBH5IY8HYImkfdUS+TxmmaaoHVI=

yallist@^4.0.0:
  version "4.0.0"
  resolved "https://registry.yarnpkg.com/yallist/-/yallist-4.0.0.tgz#9bb92790d9c0effec63be73519e11a35019a3a72"
  integrity sha512-3wdGidZyq5PB084XLES5TpOSRA3wjXAlIWMhum2kRcv/41Sn2emQ0dycQW4uZXLejwKvg6EsvbdlVL+FYEct7A==

yn@3.1.1:
  version "3.1.1"
  resolved "https://registry.yarnpkg.com/yn/-/yn-3.1.1.tgz#1e87401a09d767c1d5eab26a6e4c185182d2eb50"
  integrity sha512-Ux4ygGWsu2c7isFWe8Yu1YluJmqVhxqK2cLXNQA5AcC3QfbGNpM7fu0Y8b/z16pXLnFxZYvWhd3fhBY9DLmC6Q==
